
Microsoft Visual Studio Solution File, Format Version 12.00
# Visual Studio Version 17
VisualStudioVersion = 17.2.32630.192
MinimumVisualStudioVersion = 10.0.40219.1
Project("{9A19103F-16F7-4668-BE54-9A1E7A4F7556}") = "LinkGlutton.Mvc", "LinkGlutton.Mvc\LinkGlutton.Mvc.csproj", "{214D370B-F70D-447C-8A8E-3700D0DECD77}"
EndProject
Global
	GlobalSection(SolutionConfigurationPlatforms) = preSolution
		Debug|Any CPU = Debug|Any CPU
		Release|Any CPU = Release|Any CPU
	EndGlobalSection
	GlobalSection(ProjectConfigurationPlatforms) = postSolution
		{214D370B-F70D-447C-8A8E-3700D0DECD77}.Debug|Any CPU.ActiveCfg = Debug|Any CPU
		{214D370B-F70D-447C-8A8E-3700D0DECD77}.Debug|Any CPU.Build.0 = Debug|Any CPU
		{214D370B-F70D-447C-8A8E-3700D0DECD77}.Release|Any CPU.ActiveCfg = Release|Any CPU
		{214D370B-F70D-447C-8A8E-3700D0DECD77}.Release|Any CPU.Build.0 = Release|Any CPU
	EndGlobalSection
	GlobalSection(SolutionProperties) = preSolution
		HideSolutionNode = FALSE
	EndGlobalSection
	GlobalSection(ExtensibilityGlobals) = postSolution
		SolutionGuid = {1324235E-C57F-4AA8-97F7-21C76F006A4D}
	EndGlobalSection
EndGlobal
